
Microsoft Visual Studio Solution File, Format Version 12.00
# Visual Studio Version 16
VisualStudioVersion = 16.0.28803.202
MinimumVisualStudioVersion = 10.0.40219.1
Project("{FAE04EC0-301F-11D3-BF4B-00C04F79EFBC}") = "Gepardmotoshop", "Gepardmotoshop\Gepardmotoshop.csproj", "{F47F00B6-68D4-49FB-AF5D-8747528D0F87}"
EndProject
Global
	GlobalSection(SolutionConfigurationPlatforms) = preSolution
		Debug|Any CPU = Debug|Any CPU
		Release|Any CPU = Release|Any CPU
	EndGlobalSection
	GlobalSection(ProjectConfigurationPlatforms) = postSolution
		{F47F00B6-68D4-49FB-AF5D-8747528D0F87}.Debug|Any CPU.ActiveCfg = Debug|Any CPU
		{F47F00B6-68D4-49FB-AF5D-8747528D0F87}.Debug|Any CPU.Build.0 = Debug|Any CPU
		{F47F00B6-68D4-49FB-AF5D-8747528D0F87}.Release|Any CPU.ActiveCfg = Release|Any CPU
		{F47F00B6-68D4-49FB-AF5D-8747528D0F87}.Release|Any CPU.Build.0 = Release|Any CPU
	EndGlobalSection
	GlobalSection(SolutionProperties) = preSolution
		HideSolutionNode = FALSE
	EndGlobalSection
	GlobalSection(ExtensibilityGlobals) = postSolution
		SolutionGuid = {45332F51-1F1B-4CA0-B36A-E0B05E6A0DD1}
	EndGlobalSection
EndGlobal
